
Microsoft Visual Studio Solution File, Format Version 12.00
# Visual Studio Version 16
VisualStudioVersion = 16.0.29306.81
MinimumVisualStudioVersion = 10.0.40219.1
Project("{FAE04EC0-301F-11D3-BF4B-00C04F79EFBC}") = "Cityton.Ui", "Cityton.Ui\Cityton.Ui.csproj", "{B5FDC1E7-F1ED-4E3A-B913-0FCFA2F64B10}"
EndProject
Project("{FAE04EC0-301F-11D3-BF4B-00C04F79EFBC}") = "Cityton.Domain", "Cityton.Domain\Cityton.Domain.csproj", "{6A0E2181-EFB8-44B8-850F-2F58A3B25A14}"
EndProject
Project("{FAE04EC0-301F-11D3-BF4B-00C04F79EFBC}") = "Cityton.Repository", "Cityton.Repository\Cityton.Repository.csproj", "{918463AE-0DFF-46F0-BE0F-40EF6143AFC0}"
EndProject
Project("{FAE04EC0-301F-11D3-BF4B-00C04F79EFBC}") = "Cityton.Service", "Cityton.Service\Cityton.Service.csproj", "{FD340BAF-E58A-4E8F-948C-A29EC21BDE30}"
EndProject
Project("{FAE04EC0-301F-11D3-BF4B-00C04F79EFBC}") = "Cityton.Mobile.Android", "Cityton.Mobile\Cityton.Mobile.Android\Cityton.Mobile.Android.csproj", "{AD987F01-4305-4E26-906F-5783A0907499}"
EndProject
Project("{FAE04EC0-301F-11D3-BF4B-00C04F79EFBC}") = "Cityton.Mobile.iOS", "Cityton.Mobile\Cityton.Mobile.iOS\Cityton.Mobile.iOS.csproj", "{151452A9-4FDE-4EFC-A7F2-941738907394}"
EndProject
Project("{FAE04EC0-301F-11D3-BF4B-00C04F79EFBC}") = "Cityton.Mobile", "Cityton.Mobile\Cityton.Mobile\Cityton.Mobile.csproj", "{26B7AB99-2E9D-463A-AB8A-483C4568D0D0}"
EndProject
Global
	GlobalSection(SolutionConfigurationPlatforms) = preSolution
		Debug|Any CPU = Debug|Any CPU
		Debug|iPhone = Debug|iPhone
		Debug|iPhoneSimulator = Debug|iPhoneSimulator
		Release|Any CPU = Release|Any CPU
		Release|iPhone = Release|iPhone
		Release|iPhoneSimulator = Release|iPhoneSimulator
	EndGlobalSection
	GlobalSection(ProjectConfigurationPlatforms) = postSolution
		{B5FDC1E7-F1ED-4E3A-B913-0FCFA2F64B10}.Debug|Any CPU.ActiveCfg = Debug|Any CPU
		{B5FDC1E7-F1ED-4E3A-B913-0FCFA2F64B10}.Debug|Any CPU.Build.0 = Debug|Any CPU
		{B5FDC1E7-F1ED-4E3A-B913-0FCFA2F64B10}.Debug|iPhone.ActiveCfg = Debug|Any CPU
		{B5FDC1E7-F1ED-4E3A-B913-0FCFA2F64B10}.Debug|iPhone.Build.0 = Debug|Any CPU
		{B5FDC1E7-F1ED-4E3A-B913-0FCFA2F64B10}.Debug|iPhoneSimulator.ActiveCfg = Debug|Any CPU
		{B5FDC1E7-F1ED-4E3A-B913-0FCFA2F64B10}.Debug|iPhoneSimulator.Build.0 = Debug|Any CPU
		{B5FDC1E7-F1ED-4E3A-B913-0FCFA2F64B10}.Release|Any CPU.ActiveCfg = Release|Any CPU
		{B5FDC1E7-F1ED-4E3A-B913-0FCFA2F64B10}.Release|Any CPU.Build.0 = Release|Any CPU
		{B5FDC1E7-F1ED-4E3A-B913-0FCFA2F64B10}.Release|iPhone.ActiveCfg = Release|Any CPU
		{B5FDC1E7-F1ED-4E3A-B913-0FCFA2F64B10}.Release|iPhone.Build.0 = Release|Any CPU
		{B5FDC1E7-F1ED-4E3A-B913-0FCFA2F64B10}.Release|iPhoneSimulator.ActiveCfg = Release|Any CPU
		{B5FDC1E7-F1ED-4E3A-B913-0FCFA2F64B10}.Release|iPhoneSimulator.Build.0 = Release|Any CPU
		{6A0E2181-EFB8-44B8-850F-2F58A3B25A14}.Debug|Any CPU.ActiveCfg = Debug|Any CPU
		{6A0E2181-EFB8-44B8-850F-2F58A3B25A14}.Debug|Any CPU.Build.0 = Debug|Any CPU
		{6A0E2181-EFB8-44B8-850F-2F58A3B25A14}.Debug|iPhone.ActiveCfg = Debug|Any CPU
		{6A0E2181-EFB8-44B8-850F-2F58A3B25A14}.Debug|iPhone.Build.0 = Debug|Any CPU
		{6A0E2181-EFB8-44B8-850F-2F58A3B25A14}.Debug|iPhoneSimulator.ActiveCfg = Debug|Any CPU
		{6A0E2181-EFB8-44B8-850F-2F58A3B25A14}.Debug|iPhoneSimulator.Build.0 = Debug|Any CPU
		{6A0E2181-EFB8-44B8-850F-2F58A3B25A14}.Release|Any CPU.ActiveCfg = Release|Any CPU
		{6A0E2181-EFB8-44B8-850F-2F58A3B25A14}.Release|Any CPU.Build.0 = Release|Any CPU
		{6A0E2181-EFB8-44B8-850F-2F58A3B25A14}.Release|iPhone.ActiveCfg = Release|Any CPU
		{6A0E2181-EFB8-44B8-850F-2F58A3B25A14}.Release|iPhone.Build.0 = Release|Any CPU
		{6A0E2181-EFB8-44B8-850F-2F58A3B25A14}.Release|iPhoneSimulator.ActiveCfg = Release|Any CPU
		{6A0E2181-EFB8-44B8-850F-2F58A3B25A14}.Release|iPhoneSimulator.Build.0 = Release|Any CPU
		{918463AE-0DFF-46F0-BE0F-40EF6143AFC0}.Debug|Any CPU.ActiveCfg = Debug|Any CPU
		{918463AE-0DFF-46F0-BE0F-40EF6143AFC0}.Debug|Any CPU.Build.0 = Debug|Any CPU
		{918463AE-0DFF-46F0-BE0F-40EF6143AFC0}.Debug|iPhone.ActiveCfg = Debug|Any CPU
		{918463AE-0DFF-46F0-BE0F-40EF6143AFC0}.Debug|iPhone.Build.0 = Debug|Any CPU
		{918463AE-0DFF-46F0-BE0F-40EF6143AFC0}.Debug|iPhoneSimulator.ActiveCfg = Debug|Any CPU
		{918463AE-0DFF-46F0-BE0F-40EF6143AFC0}.Debug|iPhoneSimulator.Build.0 = Debug|Any CPU
		{918463AE-0DFF-46F0-BE0F-40EF6143AFC0}.Release|Any CPU.ActiveCfg = Release|Any CPU
		{918463AE-0DFF-46F0-BE0F-40EF6143AFC0}.Release|Any CPU.Build.0 = Release|Any CPU
		{918463AE-0DFF-46F0-BE0F-40EF6143AFC0}.Release|iPhone.ActiveCfg = Release|Any CPU
		{918463AE-0DFF-46F0-BE0F-40EF6143AFC0}.Release|iPhone.Build.0 = Release|Any CPU
		{918463AE-0DFF-46F0-BE0F-40EF6143AFC0}.Release|iPhoneSimulator.ActiveCfg = Release|Any CPU
		{918463AE-0DFF-46F0-BE0F-40EF6143AFC0}.Release|iPhoneSimulator.Build.0 = Release|Any CPU
		{FD340BAF-E58A-4E8F-948C-A29EC21BDE30}.Debug|Any CPU.ActiveCfg = Debug|Any CPU
		{FD340BAF-E58A-4E8F-948C-A29EC21BDE30}.Debug|Any CPU.Build.0 = Debug|Any CPU
		{FD340BAF-E58A-4E8F-948C-A29EC21BDE30}.Debug|iPhone.ActiveCfg = Debug|Any CPU
		{FD340BAF-E58A-4E8F-948C-A29EC21BDE30}.Debug|iPhone.Build.0 = Debug|Any CPU
		{FD340BAF-E58A-4E8F-948C-A29EC21BDE30}.Debug|iPhoneSimulator.ActiveCfg = Debug|Any CPU
		{FD340BAF-E58A-4E8F-948C-A29EC21BDE30}.Debug|iPhoneSimulator.Build.0 = Debug|Any CPU
		{FD340BAF-E58A-4E8F-948C-A29EC21BDE30}.Release|Any CPU.ActiveCfg = Release|Any CPU
		{FD340BAF-E58A-4E8F-948C-A29EC21BDE30}.Release|Any CPU.Build.0 = Release|Any CPU
		{FD340BAF-E58A-4E8F-948C-A29EC21BDE30}.Release|iPhone.ActiveCfg = Release|Any CPU
		{FD340BAF-E58A-4E8F-948C-A29EC21BDE30}.Release|iPhone.Build.0 = Release|Any CPU
		{FD340BAF-E58A-4E8F-948C-A29EC21BDE30}.Release|iPhoneSimulator.ActiveCfg = Release|Any CPU
		{FD340BAF-E58A-4E8F-948C-A29EC21BDE30}.Release|iPhoneSimulator.Build.0 = Release|Any CPU
		{AD987F01-4305-4E26-906F-5783A0907499}.Debug|Any CPU.ActiveCfg = Debug|Any CPU
		{AD987F01-4305-4E26-906F-5783A0907499}.Debug|Any CPU.Build.0 = Debug|Any CPU
		{AD987F01-4305-4E26-906F-5783A0907499}.Debug|Any CPU.Deploy.0 = Debug|Any CPU
		{AD987F01-4305-4E26-906F-5783A0907499}.Debug|iPhone.ActiveCfg = Debug|Any CPU
		{AD987F01-4305-4E26-906F-5783A0907499}.Debug|iPhone.Build.0 = Debug|Any CPU
		{AD987F01-4305-4E26-906F-5783A0907499}.Debug|iPhone.Deploy.0 = Debug|Any CPU
		{AD987F01-4305-4E26-906F-5783A0907499}.Debug|iPhoneSimulator.ActiveCfg = Debug|Any CPU
		{AD987F01-4305-4E26-906F-5783A0907499}.Debug|iPhoneSimulator.Build.0 = Debug|Any CPU
		{AD987F01-4305-4E26-906F-5783A0907499}.Debug|iPhoneSimulator.Deploy.0 = Debug|Any CPU
		{AD987F01-4305-4E26-906F-5783A0907499}.Release|Any CPU.ActiveCfg = Release|Any CPU
		{AD987F01-4305-4E26-906F-5783A0907499}.Release|Any CPU.Build.0 = Release|Any CPU
		{AD987F01-4305-4E26-906F-5783A0907499}.Release|Any CPU.Deploy.0 = Release|Any CPU
		{AD987F01-4305-4E26-906F-5783A0907499}.Release|iPhone.ActiveCfg = Release|Any CPU
		{AD987F01-4305-4E26-906F-5783A0907499}.Release|iPhone.Build.0 = Release|Any CPU
		{AD987F01-4305-4E26-906F-5783A0907499}.Release|iPhone.Deploy.0 = Release|Any CPU
		{AD987F01-4305-4E26-906F-5783A0907499}.Release|iPhoneSimulator.ActiveCfg = Release|Any CPU
		{AD987F01-4305-4E26-906F-5783A0907499}.Release|iPhoneSimulator.Build.0 = Release|Any CPU
		{AD987F01-4305-4E26-906F-5783A0907499}.Release|iPhoneSimulator.Deploy.0 = Release|Any CPU
		{151452A9-4FDE-4EFC-A7F2-941738907394}.Debug|Any CPU.ActiveCfg = Debug|iPhone
		{151452A9-4FDE-4EFC-A7F2-941738907394}.Debug|iPhone.ActiveCfg = Debug|iPhone
		{151452A9-4FDE-4EFC-A7F2-941738907394}.Debug|iPhone.Build.0 = Debug|iPhone
		{151452A9-4FDE-4EFC-A7F2-941738907394}.Debug|iPhoneSimulator.ActiveCfg = Debug|iPhoneSimulator
		{151452A9-4FDE-4EFC-A7F2-941738907394}.Debug|iPhoneSimulator.Build.0 = Debug|iPhoneSimulator
		{151452A9-4FDE-4EFC-A7F2-941738907394}.Release|Any CPU.ActiveCfg = Release|iPhone
		{151452A9-4FDE-4EFC-A7F2-941738907394}.Release|iPhone.ActiveCfg = Release|iPhone
		{151452A9-4FDE-4EFC-A7F2-941738907394}.Release|iPhone.Build.0 = Release|iPhone
		{151452A9-4FDE-4EFC-A7F2-941738907394}.Release|iPhoneSimulator.ActiveCfg = Release|iPhoneSimulator
		{151452A9-4FDE-4EFC-A7F2-941738907394}.Release|iPhoneSimulator.Build.0 = Release|iPhoneSimulator
		{26B7AB99-2E9D-463A-AB8A-483C4568D0D0}.Debug|Any CPU.ActiveCfg = Debug|Any CPU
		{26B7AB99-2E9D-463A-AB8A-483C4568D0D0}.Debug|Any CPU.Build.0 = Debug|Any CPU
		{26B7AB99-2E9D-463A-AB8A-483C4568D0D0}.Debug|iPhone.ActiveCfg = Debug|Any CPU
		{26B7AB99-2E9D-463A-AB8A-483C4568D0D0}.Debug|iPhone.Build.0 = Debug|Any CPU
		{26B7AB99-2E9D-463A-AB8A-483C4568D0D0}.Debug|iPhoneSimulator.ActiveCfg = Debug|Any CPU
		{26B7AB99-2E9D-463A-AB8A-483C4568D0D0}.Debug|iPhoneSimulator.Build.0 = Debug|Any CPU
		{26B7AB99-2E9D-463A-AB8A-483C4568D0D0}.Release|Any CPU.ActiveCfg = Release|Any CPU
		{26B7AB99-2E9D-463A-AB8A-483C4568D0D0}.Release|Any CPU.Build.0 = Release|Any CPU
		{26B7AB99-2E9D-463A-AB8A-483C4568D0D0}.Release|iPhone.ActiveCfg = Release|Any CPU
		{26B7AB99-2E9D-463A-AB8A-483C4568D0D0}.Release|iPhone.Build.0 = Release|Any CPU
		{26B7AB99-2E9D-463A-AB8A-483C4568D0D0}.Release|iPhoneSimulator.ActiveCfg = Release|Any CPU
		{26B7AB99-2E9D-463A-AB8A-483C4568D0D0}.Release|iPhoneSimulator.Build.0 = Release|Any CPU
	EndGlobalSection
	GlobalSection(SolutionProperties) = preSolution
		HideSolutionNode = FALSE
	EndGlobalSection
	GlobalSection(ExtensibilityGlobals) = postSolution
		SolutionGuid = {F4ED769B-67DF-4246-951C-C57DB1044137}
	EndGlobalSection
EndGlobal
